<Solution>
  <Project Path="Casko.DefaultsForUmbraco.NemLogin3/Casko.DefaultsForUmbraco.NemLogin3.csproj" />
  <Project Path="Casko.DefaultsForUmbraco.Common/Casko.DefaultsForUmbraco.Common.csproj" />
  <Project Path="Casko.DefaultsForUmbraco.Search/Casko.DefaultsForUmbraco.Search.csproj" />
  <Project Path="Casko.DefaultsForUmbraco.Web.UI/Casko.DefaultsForUmbraco.Web.UI.csproj" />
  <Project Path="Casko.DefaultsForUmbraco.Yarp/Casko.DefaultsForUmbraco.Yarp.csproj" />
</Solution>
