<Solution>
  <Project Path="Casko.DefaultsForUmbraco.Aspire/Casko.DefaultsForUmbraco.Aspire.csproj" />
  <Project Path="Casko.DefaultsForUmbraco.Functions.Test/Casko.DefaultsForUmbraco.Functions.Test.csproj" />
  <Project Path="Casko.DefaultsForUmbraco.Search/Casko.DefaultsForUmbraco.Search.csproj" />
  <Project Path="Casko.DefaultsForUmbraco.Web.UI/Casko.DefaultsForUmbraco.Web.UI.csproj" />
  <Project Path="Casko.DefaultsForUmbraco.Web/Casko.DefaultsForUmbraco.Web.csproj" />
  <Project Path="Casko.DefaultsForUmbraco.Yarp/Casko.DefaultsForUmbraco.Yarp.csproj" />
</Solution>
