<Solution>
  <Project Path="Casko.DefaultsFor.NemLogin3.Web.UI/Casko.DefaultsFor.NemLogin3.Web.UI.csproj" />
  <Project Path="Casko.DefaultsForUmbraco.Common/Casko.DefaultsForUmbraco.Common.csproj" />
  <Project Path="Casko.DefaultsForUmbraco.Search/Casko.DefaultsForUmbraco.Search.csproj" />
  <Project Path="Casko.DefaultsForUmbraco.Web.UI/Casko.DefaultsForUmbraco.Web.UI.csproj" />
  <Project Path="Casko.DefaultsForUmbraco.Yarp/Casko.DefaultsForUmbraco.Yarp.csproj" />
  <Project Path="Casko.NemLogin3.Web/Casko.NemLogin3.Web.csproj" />
</Solution>
